
Microsoft Visual Studio Solution File, Format Version 12.00
# Visual Studio 15
VisualStudioVersion = 15.0.27130.0
MinimumVisualStudioVersion = 10.0.40219.1
Project("{FAE04EC0-301F-11D3-BF4B-00C04F79EFBC}") = "MyGraphicsComponents", "MaBibli\MyGraphicsComponents.csproj", "{BA4E9B00-FA0C-4684-BB4A-B55B1B0CC3B8}"
EndProject
Project("{FAE04EC0-301F-11D3-BF4B-00C04F79EFBC}") = "ConsoleTestApp", "LaConsole\ConsoleTestApp.csproj", "{39D4399A-92D6-468C-B4FC-37E1A3560B4F}"
EndProject
Global
	GlobalSection(SolutionConfigurationPlatforms) = preSolution
		Debug|Any CPU = Debug|Any CPU
		Release|Any CPU = Release|Any CPU
	EndGlobalSection
	GlobalSection(ProjectConfigurationPlatforms) = postSolution
		{BA4E9B00-FA0C-4684-BB4A-B55B1B0CC3B8}.Debug|Any CPU.ActiveCfg = Debug|Any CPU
		{BA4E9B00-FA0C-4684-BB4A-B55B1B0CC3B8}.Debug|Any CPU.Build.0 = Debug|Any CPU
		{BA4E9B00-FA0C-4684-BB4A-B55B1B0CC3B8}.Release|Any CPU.ActiveCfg = Release|Any CPU
		{BA4E9B00-FA0C-4684-BB4A-B55B1B0CC3B8}.Release|Any CPU.Build.0 = Release|Any CPU
		{39D4399A-92D6-468C-B4FC-37E1A3560B4F}.Debug|Any CPU.ActiveCfg = Debug|Any CPU
		{39D4399A-92D6-468C-B4FC-37E1A3560B4F}.Debug|Any CPU.Build.0 = Debug|Any CPU
		{39D4399A-92D6-468C-B4FC-37E1A3560B4F}.Release|Any CPU.ActiveCfg = Release|Any CPU
		{39D4399A-92D6-468C-B4FC-37E1A3560B4F}.Release|Any CPU.Build.0 = Release|Any CPU
	EndGlobalSection
	GlobalSection(SolutionProperties) = preSolution
		HideSolutionNode = FALSE
	EndGlobalSection
	GlobalSection(ExtensibilityGlobals) = postSolution
		SolutionGuid = {64BE3173-5083-49DE-B353-E8F06EEF312F}
	EndGlobalSection
EndGlobal
